Microsoft Visual Studio Solution File, Format Version 12.00
# Visual Studio Version 17
VisualStudioVersion = 17.5.2.0
MinimumVisualStudioVersion = 10.0.40219.1
Project("{FAE04EC0-301F-11D3-BF4B-00C04F79EFBC}") = "WorkerOrderManagement", "WorkerOrderManagement.csproj", "{6C553499-32A4-182E-B931-263867228F99}"
EndProject
Global
	GlobalSection(SolutionConfigurationPlatforms) = preSolution
		Debug|Any CPU = Debug|Any CPU
		Release|Any CPU = Release|Any CPU
	EndGlobalSection
	GlobalSection(ProjectConfigurationPlatforms) = postSolution
		{6C553499-32A4-182E-B931-263867228F99}.Debug|Any CPU.ActiveCfg = Debug|Any CPU
		{6C553499-32A4-182E-B931-263867228F99}.Debug|Any CPU.Build.0 = Debug|Any CPU
		{6C553499-32A4-182E-B931-263867228F99}.Release|Any CPU.ActiveCfg = Release|Any CPU
		{6C553499-32A4-182E-B931-263867228F99}.Release|Any CPU.Build.0 = Release|Any CPU
	EndGlobalSection
	GlobalSection(SolutionProperties) = preSolution
		HideSolutionNode = FALSE
	EndGlobalSection
	GlobalSection(ExtensibilityGlobals) = postSolution
		SolutionGuid = {8ABD7E8F-E116-4E91-8C1E-89C6C835CBB9}
	EndGlobalSection
EndGlobal
